
Microsoft Visual Studio Solution File, Format Version 12.00
# Visual Studio Version 17
VisualStudioVersion = 17.4.33205.214
MinimumVisualStudioVersion = 10.0.40219.1
Project("{FAE04EC0-301F-11D3-BF4B-00C04F79EFBC}") = "Demo", "Demo\Demo.csproj", "{03B0EB5F-1042-457C-8B28-DF74F5EA6F9E}"
EndProject
Global
	GlobalSection(SolutionConfigurationPlatforms) = preSolution
		Debug|Any CPU = Debug|Any CPU
		Release|Any CPU = Release|Any CPU
	EndGlobalSection
	GlobalSection(ProjectConfigurationPlatforms) = postSolution
		{03B0EB5F-1042-457C-8B28-DF74F5EA6F9E}.Debug|Any CPU.ActiveCfg = Debug|Any CPU
		{03B0EB5F-1042-457C-8B28-DF74F5EA6F9E}.Debug|Any CPU.Build.0 = Debug|Any CPU
		{03B0EB5F-1042-457C-8B28-DF74F5EA6F9E}.Release|Any CPU.ActiveCfg = Release|Any CPU
		{03B0EB5F-1042-457C-8B28-DF74F5EA6F9E}.Release|Any CPU.Build.0 = Release|Any CPU
	EndGlobalSection
	GlobalSection(SolutionProperties) = preSolution
		HideSolutionNode = FALSE
	EndGlobalSection
	GlobalSection(ExtensibilityGlobals) = postSolution
		SolutionGuid = {BE1A392D-0D2E-4528-92E6-C66077B450A6}
	EndGlobalSection
EndGlobal
